
Microsoft Visual Studio Solution File, Format Version 12.00
# Visual Studio 2012
Project("{8BC9CEB8-8B4A-11D0-8D11-00A0C91BC942}") = "soft_mesh_mapping", "soft_mesh_mapping\soft_mesh_mapping.vcxproj", "{C343E726-81C5-4969-B781-147B14DA5AD2}"
EndProject
Global
	GlobalSection(SolutionConfigurationPlatforms) = preSolution
		Debug|Win32 = Debug|Win32
		Release|Win32 = Release|Win32
	EndGlobalSection
	GlobalSection(ProjectConfigurationPlatforms) = postSolution
		{C343E726-81C5-4969-B781-147B14DA5AD2}.Debug|Win32.ActiveCfg = Debug|Win32
		{C343E726-81C5-4969-B781-147B14DA5AD2}.Debug|Win32.Build.0 = Debug|Win32
		{C343E726-81C5-4969-B781-147B14DA5AD2}.Release|Win32.ActiveCfg = Release|Win32
		{C343E726-81C5-4969-B781-147B14DA5AD2}.Release|Win32.Build.0 = Release|Win32
	EndGlobalSection
	GlobalSection(SolutionProperties) = preSolution
		HideSolutionNode = FALSE
	EndGlobalSection
EndGlobal
